// !$*UTF8*$!
{
	archiveVersion = 1;
	classes = {
	};
	objectVersion = 56;
	objects = {

/* Begin PBXBuildFile section */
		8E2412C32B02336000EF9C07 /* AppDelegate.swift in Sources */ = {isa = PBXBuildFile; fileRef = 8E2412C22B02336000EF9C07 /* AppDelegate.swift */; };
		8E2412C72B02336000EF9C07 /* YachtCatalogViewController.swift in Sources */ = {isa = PBXBuildFile; fileRef = 8E2412C62B02336000EF9C07 /* YachtCatalogViewController.swift */; };
		8E2412CC2B02336200EF9C07 /* Assets.xcassets in Resources */ = {isa = PBXBuildFile; fileRef = 8E2412CB2B02336200EF9C07 /* Assets.xcassets */; };
		8E2412CF2B02336200EF9C07 /* LaunchScreen.storyboard in Resources */ = {isa = PBXBuildFile; fileRef = 8E2412CD2B02336200EF9C07 /* LaunchScreen.storyboard */; };
		8E9CDCAD2B027520002FAA67 /* YachtCatalogModel.swift in Sources */ = {isa = PBXBuildFile; fileRef = 8E9CDCAC2B027520002FAA67 /* YachtCatalogModel.swift */; };
		8E9CDCAF2B027568002FAA67 /* YachtCatalogViewModel.swift in Sources */ = {isa = PBXBuildFile; fileRef = 8E9CDCAE2B027568002FAA67 /* YachtCatalogViewModel.swift */; };
		8E9CDCB22B027E9D002FAA67 /* ReusableViewExtensions.swift in Sources */ = {isa = PBXBuildFile; fileRef = 8E9CDCB12B027E9D002FAA67 /* ReusableViewExtensions.swift */; };
		8E9CDCB42B028CB3002FAA67 /* YachtCatalogTableViewCell.swift in Sources */ = {isa = PBXBuildFile; fileRef = 8E9CDCB32B028CB3002FAA67 /* YachtCatalogTableViewCell.swift */; };
		8E9CDCBA2B04CE2C002FAA67 /* YachtDetailModel.swift in Sources */ = {isa = PBXBuildFile; fileRef = 8E9CDCB92B04CE2C002FAA67 /* YachtDetailModel.swift */; };
		8E9CDCBC2B04CE5E002FAA67 /* YachtDetailCollectionViewCell.swift in Sources */ = {isa = PBXBuildFile; fileRef = 8E9CDCBB2B04CE5E002FAA67 /* YachtDetailCollectionViewCell.swift */; };
		8E9CDCBE2B04CE99002FAA67 /* YachtDetailViewController.swift in Sources */ = {isa = PBXBuildFile; fileRef = 8E9CDCBD2B04CE99002FAA67 /* YachtDetailViewController.swift */; };
		8E9CDCC02B04CED0002FAA67 /* YachtDetailViewModel.swift in Sources */ = {isa = PBXBuildFile; fileRef = 8E9CDCBF2B04CED0002FAA67 /* YachtDetailViewModel.swift */; };
		8E9CDCC22B05003B002FAA67 /* YachtDetailCollectionViewHeader.swift in Sources */ = {isa = PBXBuildFile; fileRef = 8E9CDCC12B05003B002FAA67 /* YachtDetailCollectionViewHeader.swift */; };
		8E9CDCC52B0519DB002FAA67 /* CollectionWidthParameters.swift in Sources */ = {isa = PBXBuildFile; fileRef = 8E9CDCC42B0519DB002FAA67 /* CollectionWidthParameters.swift */; };
		8E9CDCC82B08F20D002FAA67 /* Kingfisher in Frameworks */ = {isa = PBXBuildFile; productRef = 8E9CDCC72B08F20D002FAA67 /* Kingfisher */; };
		8E9CDCCA2B0A1EC1002FAA67 /* DataProvider.swift in Sources */ = {isa = PBXBuildFile; fileRef = 8E9CDCC92B0A1EC1002FAA67 /* DataProvider.swift */; };
		8E9CDCCE2B0E7F17002FAA67 /* SortTypeStorage.swift in Sources */ = {isa = PBXBuildFile; fileRef = 8E9CDCCD2B0E7F17002FAA67 /* SortTypeStorage.swift */; };
/* End PBXBuildFile section */

/* Begin PBXFileReference section */
		8E2412BF2B02336000EF9C07 /* YachtCatalog.app */ = {isa = PBXFileReference; explicitFileType = wrapper.application; includeInIndex = 0; path = YachtCatalog.app; sourceTree = BUILT_PRODUCTS_DIR; };
		8E2412C22B02336000EF9C07 /* AppDelegate.swift */ = {isa = PBXFileReference; lastKnownFileType = sourcecode.swift; path = AppDelegate.swift; sourceTree = "<group>"; };
		8E2412C62B02336000EF9C07 /* YachtCatalogViewController.swift */ = {isa = PBXFileReference; lastKnownFileType = sourcecode.swift; path = YachtCatalogViewController.swift; sourceTree = "<group>"; };
		8E2412CB2B02336200EF9C07 /* Assets.xcassets */ = {isa = PBXFileReference; lastKnownFileType = folder.assetcatalog; path = Assets.xcassets; sourceTree = "<group>"; };
		8E2412CE2B02336200EF9C07 /* Base */ = {isa = PBXFileReference; lastKnownFileType = file.storyboard; name = Base; path = Base.lproj/LaunchScreen.storyboard; sourceTree = "<group>"; };
		8E2412D02B02336200EF9C07 /* Info.plist */ = {isa = PBXFileReference; lastKnownFileType = text.plist.xml; path = Info.plist; sourceTree = "<group>"; };
		8E9CDCAC2B027520002FAA67 /* YachtCatalogModel.swift */ = {isa = PBXFileReference; lastKnownFileType = sourcecode.swift; path = YachtCatalogModel.swift; sourceTree = "<group>"; };
		8E9CDCAE2B027568002FAA67 /* YachtCatalogViewModel.swift */ = {isa = PBXFileReference; lastKnownFileType = sourcecode.swift; path = YachtCatalogViewModel.swift; sourceTree = "<group>"; };
		8E9CDCB12B027E9D002FAA67 /* ReusableViewExtensions.swift */ = {isa = PBXFileReference; lastKnownFileType = sourcecode.swift; path = ReusableViewExtensions.swift; sourceTree = "<group>"; };
		8E9CDCB32B028CB3002FAA67 /* YachtCatalogTableViewCell.swift */ = {isa = PBXFileReference; lastKnownFileType = sourcecode.swift; path = YachtCatalogTableViewCell.swift; sourceTree = "<group>"; };
		8E9CDCB92B04CE2C002FAA67 /* YachtDetailModel.swift */ = {isa = PBXFileReference; lastKnownFileType = sourcecode.swift; path = YachtDetailModel.swift; sourceTree = "<group>"; };
		8E9CDCBB2B04CE5E002FAA67 /* YachtDetailCollectionViewCell.swift */ = {isa = PBXFileReference; lastKnownFileType = sourcecode.swift; path = YachtDetailCollectionViewCell.swift; sourceTree = "<group>"; };
		8E9CDCBD2B04CE99002FAA67 /* YachtDetailViewController.swift */ = {isa = PBXFileReference; lastKnownFileType = sourcecode.swift; path = YachtDetailViewController.swift; sourceTree = "<group>"; };
		8E9CDCBF2B04CED0002FAA67 /* YachtDetailViewModel.swift */ = {isa = PBXFileReference; lastKnownFileType = sourcecode.swift; path = YachtDetailViewModel.swift; sourceTree = "<group>"; };
		8E9CDCC12B05003B002FAA67 /* YachtDetailCollectionViewHeader.swift */ = {isa = PBXFileReference; lastKnownFileType = sourcecode.swift; path = YachtDetailCollectionViewHeader.swift; sourceTree = "<group>"; };
		8E9CDCC42B0519DB002FAA67 /* CollectionWidthParameters.swift */ = {isa = PBXFileReference; lastKnownFileType = sourcecode.swift; path = CollectionWidthParameters.swift; sourceTree = "<group>"; };
		8E9CDCC92B0A1EC1002FAA67 /* DataProvider.swift */ = {isa = PBXFileReference; lastKnownFileType = sourcecode.swift; path = DataProvider.swift; sourceTree = "<group>"; };
		8E9CDCCD2B0E7F17002FAA67 /* SortTypeStorage.swift */ = {isa = PBXFileReference; lastKnownFileType = sourcecode.swift; path = SortTypeStorage.swift; sourceTree = "<group>"; };
/* End PBXFileReference section */

/* Begin PBXFrameworksBuildPhase section */
		8E2412BC2B02336000EF9C07 /* Frameworks */ = {
			isa = PBXFrameworksBuildPhase;
			buildActionMask = 2147483647;
			files = (
				8E9CDCC82B08F20D002FAA67 /* Kingfisher in Frameworks */,
			);
			runOnlyForDeploymentPostprocessing = 0;
		};
/* End PBXFrameworksBuildPhase section */

/* Begin PBXGroup section */
		8E2412B62B02336000EF9C07 = {
			isa = PBXGroup;
			children = (
				8E2412C12B02336000EF9C07 /* YachtCatalog */,
				8E2412C02B02336000EF9C07 /* Products */,
			);
			sourceTree = "<group>";
		};
		8E2412C02B02336000EF9C07 /* Products */ = {
			isa = PBXGroup;
			children = (
				8E2412BF2B02336000EF9C07 /* YachtCatalog.app */,
			);
			name = Products;
			sourceTree = "<group>";
		};
		8E2412C12B02336000EF9C07 /* YachtCatalog */ = {
			isa = PBXGroup;
			children = (
				8E9CDCB02B027C81002FAA67 /* Extensions */,
				8E9CDCA72B027314002FAA67 /* UserInterfaces */,
				8E9CDCC32B05196F002FAA67 /* Utilities */,
				8E2412C22B02336000EF9C07 /* AppDelegate.swift */,
				8E2412CD2B02336200EF9C07 /* LaunchScreen.storyboard */,
				8E2412CB2B02336200EF9C07 /* Assets.xcassets */,
				8E2412D02B02336200EF9C07 /* Info.plist */,
			);
			path = YachtCatalog;
			sourceTree = "<group>";
		};
		8E9CDCA72B027314002FAA67 /* UserInterfaces */ = {
			isa = PBXGroup;
			children = (
				8E9CDCA82B027384002FAA67 /* YachtCatalog */,
				8E9CDCB52B04CD90002FAA67 /* YachtDetail */,
			);
			path = UserInterfaces;
			sourceTree = "<group>";
		};
		8E9CDCA82B027384002FAA67 /* YachtCatalog */ = {
			isa = PBXGroup;
			children = (
				8E9CDCA92B027409002FAA67 /* Model */,
				8E9CDCAA2B02742D002FAA67 /* View */,
				8E9CDCAB2B027447002FAA67 /* ViewModel */,
			);
			path = YachtCatalog;
			sourceTree = "<group>";
		};
		8E9CDCA92B027409002FAA67 /* Model */ = {
			isa = PBXGroup;
			children = (
				8E9CDCAC2B027520002FAA67 /* YachtCatalogModel.swift */,
			);
			path = Model;
			sourceTree = "<group>";
		};
		8E9CDCAA2B02742D002FAA67 /* View */ = {
			isa = PBXGroup;
			children = (
				8E9CDCB32B028CB3002FAA67 /* YachtCatalogTableViewCell.swift */,
				8E2412C62B02336000EF9C07 /* YachtCatalogViewController.swift */,
			);
			path = View;
			sourceTree = "<group>";
		};
		8E9CDCAB2B027447002FAA67 /* ViewModel */ = {
			isa = PBXGroup;
			children = (
				8E9CDCAE2B027568002FAA67 /* YachtCatalogViewModel.swift */,
			);
			path = ViewModel;
			sourceTree = "<group>";
		};
		8E9CDCB02B027C81002FAA67 /* Extensions */ = {
			isa = PBXGroup;
			children = (
				8E9CDCB12B027E9D002FAA67 /* ReusableViewExtensions.swift */,
			);
			path = Extensions;
			sourceTree = "<group>";
		};
		8E9CDCB52B04CD90002FAA67 /* YachtDetail */ = {
			isa = PBXGroup;
			children = (
				8E9CDCB62B04CDBD002FAA67 /* Model */,
				8E9CDCB72B04CDCC002FAA67 /* View */,
				8E9CDCB82B04CDDE002FAA67 /* ViewModel */,
			);
			path = YachtDetail;
			sourceTree = "<group>";
		};
		8E9CDCB62B04CDBD002FAA67 /* Model */ = {
			isa = PBXGroup;
			children = (
				8E9CDCB92B04CE2C002FAA67 /* YachtDetailModel.swift */,
			);
			path = Model;
			sourceTree = "<group>";
		};
		8E9CDCB72B04CDCC002FAA67 /* View */ = {
			isa = PBXGroup;
			children = (
				8E9CDCBB2B04CE5E002FAA67 /* YachtDetailCollectionViewCell.swift */,
				8E9CDCC12B05003B002FAA67 /* YachtDetailCollectionViewHeader.swift */,
				8E9CDCBD2B04CE99002FAA67 /* YachtDetailViewController.swift */,
			);
			path = View;
			sourceTree = "<group>";
		};
		8E9CDCB82B04CDDE002FAA67 /* ViewModel */ = {
			isa = PBXGroup;
			children = (
				8E9CDCBF2B04CED0002FAA67 /* YachtDetailViewModel.swift */,
			);
			path = ViewModel;
			sourceTree = "<group>";
		};
		8E9CDCC32B05196F002FAA67 /* Utilities */ = {
			isa = PBXGroup;
			children = (
				8E9CDCC42B0519DB002FAA67 /* CollectionWidthParameters.swift */,
				8E9CDCC92B0A1EC1002FAA67 /* DataProvider.swift */,
				8E9CDCCD2B0E7F17002FAA67 /* SortTypeStorage.swift */,
			);
			path = Utilities;
			sourceTree = "<group>";
		};
/* End PBXGroup section */

/* Begin PBXNativeTarget section */
		8E2412BE2B02336000EF9C07 /* YachtCatalog */ = {
			isa = PBXNativeTarget;
			buildConfigurationList = 8E2412D32B02336200EF9C07 /* Build configuration list for PBXNativeTarget "YachtCatalog" */;
			buildPhases = (
				8E2412BB2B02336000EF9C07 /* Sources */,
				8E2412BC2B02336000EF9C07 /* Frameworks */,
				8E2412BD2B02336000EF9C07 /* Resources */,
			);
			buildRules = (
			);
			dependencies = (
			);
			name = YachtCatalog;
			packageProductDependencies = (
				8E9CDCC72B08F20D002FAA67 /* Kingfisher */,
			);
			productName = YachtCatalog;
			productReference = 8E2412BF2B02336000EF9C07 /* YachtCatalog.app */;
			productType = "com.apple.product-type.application";
		};
/* End PBXNativeTarget section */

/* Begin PBXProject section */
		8E2412B72B02336000EF9C07 /* Project object */ = {
			isa = PBXProject;
			attributes = {
				BuildIndependentTargetsInParallel = 1;
				LastSwiftUpdateCheck = 1420;
				LastUpgradeCheck = 1420;
				TargetAttributes = {
					8E2412BE2B02336000EF9C07 = {
						CreatedOnToolsVersion = 14.2;
					};
				};
			};
			buildConfigurationList = 8E2412BA2B02336000EF9C07 /* Build configuration list for PBXProject "YachtCatalog" */;
			compatibilityVersion = "Xcode 14.0";
			developmentRegion = en;
			hasScannedForEncodings = 0;
			knownRegions = (
				en,
				Base,
			);
			mainGroup = 8E2412B62B02336000EF9C07;
			packageReferences = (
				8E9CDCC62B08F20D002FAA67 /* XCRemoteSwiftPackageReference "Kingfisher" */,
			);
			productRefGroup = 8E2412C02B02336000EF9C07 /* Products */;
			projectDirPath = "";
			projectRoot = "";
			targets = (
				8E2412BE2B02336000EF9C07 /* YachtCatalog */,
			);
		};
/* End PBXProject section */

/* Begin PBXResourcesBuildPhase section */
		8E2412BD2B02336000EF9C07 /* Resources */ = {
			isa = PBXResourcesBuildPhase;
			buildActionMask = 2147483647;
			files = (
				8E2412CF2B02336200EF9C07 /* LaunchScreen.storyboard in Resources */,
				8E2412CC2B02336200EF9C07 /* Assets.xcassets in Resources */,
			);
			runOnlyForDeploymentPostprocessing = 0;
		};
/* End PBXResourcesBuildPhase section */

/* Begin PBXSourcesBuildPhase section */
		8E2412BB2B02336000EF9C07 /* Sources */ = {
			isa = PBXSourcesBuildPhase;
			buildActionMask = 2147483647;
			files = (
				8E9CDCBA2B04CE2C002FAA67 /* YachtDetailModel.swift in Sources */,
				8E9CDCC02B04CED0002FAA67 /* YachtDetailViewModel.swift in Sources */,
				8E9CDCBC2B04CE5E002FAA67 /* YachtDetailCollectionViewCell.swift in Sources */,
				8E9CDCBE2B04CE99002FAA67 /* YachtDetailViewController.swift in Sources */,
				8E2412C72B02336000EF9C07 /* YachtCatalogViewController.swift in Sources */,
				8E2412C32B02336000EF9C07 /* AppDelegate.swift in Sources */,
				8E9CDCB22B027E9D002FAA67 /* ReusableViewExtensions.swift in Sources */,
				8E9CDCB42B028CB3002FAA67 /* YachtCatalogTableViewCell.swift in Sources */,
				8E9CDCC22B05003B002FAA67 /* YachtDetailCollectionViewHeader.swift in Sources */,
				8E9CDCAF2B027568002FAA67 /* YachtCatalogViewModel.swift in Sources */,
				8E9CDCC52B0519DB002FAA67 /* CollectionWidthParameters.swift in Sources */,
				8E9CDCCE2B0E7F17002FAA67 /* SortTypeStorage.swift in Sources */,
				8E9CDCAD2B027520002FAA67 /* YachtCatalogModel.swift in Sources */,
				8E9CDCCA2B0A1EC1002FAA67 /* DataProvider.swift in Sources */,
			);
			runOnlyForDeploymentPostprocessing = 0;
		};
/* End PBXSourcesBuildPhase section */

/* Begin PBXVariantGroup section */
		8E2412CD2B02336200EF9C07 /* LaunchScreen.storyboard */ = {
			isa = PBXVariantGroup;
			children = (
				8E2412CE2B02336200EF9C07 /* Base */,
			);
			name = LaunchScreen.storyboard;
			sourceTree = "<group>";
		};
/* End PBXVariantGroup section */

/* Begin XCBuildConfiguration section */
		8E2412D12B02336200EF9C07 /* Debug */ = {
			isa = XCBuildConfiguration;
			buildSettings = {
				ALWAYS_SEARCH_USER_PATHS = NO;
				CLANG_ANALYZER_NONNULL = YES;
				CLANG_ANALYZER_NUMBER_OBJECT_CONVERSION = YES_AGGRESSIVE;
				CLANG_CXX_LANGUAGE_STANDARD = "gnu++20";
				CLANG_ENABLE_MODULES = YES;
				CLANG_ENABLE_OBJC_ARC = YES;
				CLANG_ENABLE_OBJC_WEAK = YES;
				CLANG_WARN_BLOCK_CAPTURE_AUTORELEASING = YES;
				CLANG_WARN_BOOL_CONVERSION = YES;
				CLANG_WARN_COMMA = YES;
				CLANG_WARN_CONSTANT_CONVERSION = YES;
				CLANG_WARN_DEPRECATED_OBJC_IMPLEMENTATIONS = YES;
				CLANG_WARN_DIRECT_OBJC_ISA_USAGE = YES_ERROR;
				CLANG_WARN_DOCUMENTATION_COMMENTS = YES;
				CLANG_WARN_EMPTY_BODY = YES;
				CLANG_WARN_ENUM_CONVERSION = YES;
				CLANG_WARN_INFINITE_RECURSION = YES;
				CLANG_WARN_INT_CONVERSION = YES;
				CLANG_WARN_NON_LITERAL_NULL_CONVERSION = YES;
				CLANG_WARN_OBJC_IMPLICIT_RETAIN_SELF = YES;
				CLANG_WARN_OBJC_LITERAL_CONVERSION = YES;
				CLANG_WARN_OBJC_ROOT_CLASS = YES_ERROR;
				CLANG_WARN_QUOTED_INCLUDE_IN_FRAMEWORK_HEADER = YES;
				CLANG_WARN_RANGE_LOOP_ANALYSIS = YES;
				CLANG_WARN_STRICT_PROTOTYPES = YES;
				CLANG_WARN_SUSPICIOUS_MOVE = YES;
				CLANG_WARN_UNGUARDED_AVAILABILITY = YES_AGGRESSIVE;
				CLANG_WARN_UNREACHABLE_CODE = YES;
				CLANG_WARN__DUPLICATE_METHOD_MATCH = YES;
				COPY_PHASE_STRIP = NO;
				DEBUG_INFORMATION_FORMAT = dwarf;
				ENABLE_STRICT_OBJC_MSGSEND = YES;
				ENABLE_TESTABILITY = YES;
				GCC_C_LANGUAGE_STANDARD = gnu11;
				GCC_DYNAMIC_NO_PIC = NO;
				GCC_NO_COMMON_BLOCKS = YES;
				GCC_OPTIMIZATION_LEVEL = 0;
				GCC_PREPROCESSOR_DEFINITIONS = (
					"DEBUG=1",
					"$(inherited)",
				);
				GCC_WARN_64_TO_32_BIT_CONVERSION = YES;
				GCC_WARN_ABOUT_RETURN_TYPE = YES_ERROR;
				GCC_WARN_UNDECLARED_SELECTOR = YES;
				GCC_WARN_UNINITIALIZED_AUTOS = YES_AGGRESSIVE;
				GCC_WARN_UNUSED_FUNCTION = YES;
				GCC_WARN_UNUSED_VARIABLE = YES;
				IPHONEOS_DEPLOYMENT_TARGET = 16.2;
				MTL_ENABLE_DEBUG_INFO = INCLUDE_SOURCE;
				MTL_FAST_MATH = YES;
				ONLY_ACTIVE_ARCH = YES;
				SDKROOT = iphoneos;
				SWIFT_ACTIVE_COMPILATION_CONDITIONS = DEBUG;
				SWIFT_OPTIMIZATION_LEVEL = "-Onone";
			};
			name = Debug;
		};
		8E2412D22B02336200EF9C07 /* Release */ = {
			isa = XCBuildConfiguration;
			buildSettings = {
				ALWAYS_SEARCH_USER_PATHS = NO;
				CLANG_ANALYZER_NONNULL = YES;
				CLANG_ANALYZER_NUMBER_OBJECT_CONVERSION = YES_AGGRESSIVE;
				CLANG_CXX_LANGUAGE_STANDARD = "gnu++20";
				CLANG_ENABLE_MODULES = YES;
				CLANG_ENABLE_OBJC_ARC = YES;
				CLANG_ENABLE_OBJC_WEAK = YES;
				CLANG_WARN_BLOCK_CAPTURE_AUTORELEASING = YES;
				CLANG_WARN_BOOL_CONVERSION = YES;
				CLANG_WARN_COMMA = YES;
				CLANG_WARN_CONSTANT_CONVERSION = YES;
				CLANG_WARN_DEPRECATED_OBJC_IMPLEMENTATIONS = YES;
				CLANG_WARN_DIRECT_OBJC_ISA_USAGE = YES_ERROR;
				CLANG_WARN_DOCUMENTATION_COMMENTS = YES;
				CLANG_WARN_EMPTY_BODY = YES;
				CLANG_WARN_ENUM_CONVERSION = YES;
				CLANG_WARN_INFINITE_RECURSION = YES;
				CLANG_WARN_INT_CONVERSION = YES;
				CLANG_WARN_NON_LITERAL_NULL_CONVERSION = YES;
				CLANG_WARN_OBJC_IMPLICIT_RETAIN_SELF = YES;
				CLANG_WARN_OBJC_LITERAL_CONVERSION = YES;
				CLANG_WARN_OBJC_ROOT_CLASS = YES_ERROR;
				CLANG_WARN_QUOTED_INCLUDE_IN_FRAMEWORK_HEADER = YES;
				CLANG_WARN_RANGE_LOOP_ANALYSIS = YES;
				CLANG_WARN_STRICT_PROTOTYPES = YES;
				CLANG_WARN_SUSPICIOUS_MOVE = YES;
				CLANG_WARN_UNGUARDED_AVAILABILITY = YES_AGGRESSIVE;
				CLANG_WARN_UNREACHABLE_CODE = YES;
				CLANG_WARN__DUPLICATE_METHOD_MATCH = YES;
				COPY_PHASE_STRIP = NO;
				DEBUG_INFORMATION_FORMAT = "dwarf-with-dsym";
				ENABLE_NS_ASSERTIONS = NO;
				ENABLE_STRICT_OBJC_MSGSEND = YES;
				GCC_C_LANGUAGE_STANDARD = gnu11;
				GCC_NO_COMMON_BLOCKS = YES;
				GCC_WARN_64_TO_32_BIT_CONVERSION = YES;
				GCC_WARN_ABOUT_RETURN_TYPE = YES_ERROR;
				GCC_WARN_UNDECLARED_SELECTOR = YES;
				GCC_WARN_UNINITIALIZED_AUTOS = YES_AGGRESSIVE;
				GCC_WARN_UNUSED_FUNCTION = YES;
				GCC_WARN_UNUSED_VARIABLE = YES;
				IPHONEOS_DEPLOYMENT_TARGET = 16.2;
				MTL_ENABLE_DEBUG_INFO = NO;
				MTL_FAST_MATH = YES;
				SDKROOT = iphoneos;
				SWIFT_COMPILATION_MODE = wholemodule;
				SWIFT_OPTIMIZATION_LEVEL = "-O";
				VALIDATE_PRODUCT = YES;
			};
			name = Release;
		};
		8E2412D42B02336200EF9C07 /* Debug */ = {
			isa = XCBuildConfiguration;
			buildSettings = {
				ASSETCATALOG_COMPILER_APPICON_NAME = AppIcon;
				ASSETCATALOG_COMPILER_GLOBAL_ACCENT_COLOR_NAME = AccentColor;
				CODE_SIGN_STYLE = Automatic;
				CURRENT_PROJECT_VERSION = 1;
				DEVELOPMENT_TEAM = UJ4WP3UBQT;
				GENERATE_INFOPLIST_FILE = YES;
				INFOPLIST_FILE = YachtCatalog/Info.plist;
				INFOPLIST_KEY_UIApplicationSupportsIndirectInputEvents = YES;
				INFOPLIST_KEY_UILaunchStoryboardName = LaunchScreen;
				INFOPLIST_KEY_UISupportedInterfaceOrientations = UIInterfaceOrientationPortrait;
				IPHONEOS_DEPLOYMENT_TARGET = 13.4;
				LD_RUNPATH_SEARCH_PATHS = (
					"$(inherited)",
					"@executable_path/Frameworks",
				);
				MARKETING_VERSION = 1.0;
				PRODUCT_BUNDLE_IDENTIFIER = ru.aai95.YachtCatalog;
				PRODUCT_NAME = "$(TARGET_NAME)";
				SUPPORTED_PLATFORMS = "iphoneos iphonesimulator";
				SUPPORTS_MACCATALYST = NO;
				SUPPORTS_MAC_DESIGNED_FOR_IPHONE_IPAD = NO;
				SWIFT_EMIT_LOC_STRINGS = YES;
				SWIFT_VERSION = 5.0;
				TARGETED_DEVICE_FAMILY = 1;
			};
			name = Debug;
		};
		8E2412D52B02336200EF9C07 /* Release */ = {
			isa = XCBuildConfiguration;
			buildSettings = {
				ASSETCATALOG_COMPILER_APPICON_NAME = AppIcon;
				ASSETCATALOG_COMPILER_GLOBAL_ACCENT_COLOR_NAME = AccentColor;
				CODE_SIGN_STYLE = Automatic;
				CURRENT_PROJECT_VERSION = 1;
				DEVELOPMENT_TEAM = UJ4WP3UBQT;
				GENERATE_INFOPLIST_FILE = YES;
				INFOPLIST_FILE = YachtCatalog/Info.plist;
				INFOPLIST_KEY_UIApplicationSupportsIndirectInputEvents = YES;
				INFOPLIST_KEY_UILaunchStoryboardName = LaunchScreen;
				INFOPLIST_KEY_UISupportedInterfaceOrientations = UIInterfaceOrientationPortrait;
				IPHONEOS_DEPLOYMENT_TARGET = 13.4;
				LD_RUNPATH_SEARCH_PATHS = (
					"$(inherited)",
					"@executable_path/Frameworks",
				);
				MARKETING_VERSION = 1.0;
				PRODUCT_BUNDLE_IDENTIFIER = ru.aai95.YachtCatalog;
				PRODUCT_NAME = "$(TARGET_NAME)";
				SUPPORTED_PLATFORMS = "iphoneos iphonesimulator";
				SUPPORTS_MACCATALYST = NO;
				SUPPORTS_MAC_DESIGNED_FOR_IPHONE_IPAD = NO;
				SWIFT_EMIT_LOC_STRINGS = YES;
				SWIFT_VERSION = 5.0;
				TARGETED_DEVICE_FAMILY = 1;
			};
			name = Release;
		};
/* End XCBuildConfiguration section */

/* Begin XCConfigurationList section */
		8E2412BA2B02336000EF9C07 /* Build configuration list for PBXProject "YachtCatalog" */ = {
			isa = XCConfigurationList;
			buildConfigurations = (
				8E2412D12B02336200EF9C07 /* Debug */,
				8E2412D22B02336200EF9C07 /* Release */,
			);
			defaultConfigurationIsVisible = 0;
			defaultConfigurationName = Release;
		};
		8E2412D32B02336200EF9C07 /* Build configuration list for PBXNativeTarget "YachtCatalog" */ = {
			isa = XCConfigurationList;
			buildConfigurations = (
				8E2412D42B02336200EF9C07 /* Debug */,
				8E2412D52B02336200EF9C07 /* Release */,
			);
			defaultConfigurationIsVisible = 0;
			defaultConfigurationName = Release;
		};
/* End XCConfigurationList section */

/* Begin XCRemoteSwiftPackageReference section */
		8E9CDCC62B08F20D002FAA67 /* XCRemoteSwiftPackageReference "Kingfisher" */ = {
			isa = XCRemoteSwiftPackageReference;
			repositoryURL = "https://github.com/onevcat/Kingfisher";
			requirement = {
				kind = exactVersion;
				version = 7.9.1;
			};
		};
/* End XCRemoteSwiftPackageReference section */

/* Begin XCSwiftPackageProductDependency section */
		8E9CDCC72B08F20D002FAA67 /* Kingfisher */ = {
			isa = XCSwiftPackageProductDependency;
			package = 8E9CDCC62B08F20D002FAA67 /* XCRemoteSwiftPackageReference "Kingfisher" */;
			productName = Kingfisher;
		};
/* End XCSwiftPackageProductDependency section */
	};
	rootObject = 8E2412B72B02336000EF9C07 /* Project object */;
}
